{
  "name": "ChatBotUI",
  "lockfileVersion": 3,
  "requires": true,
  "packages": {
    "": {
      "dependencies": {
        "@fontsource/geist-sans": "^5.1.0"
      }
    },
    "node_modules/@fontsource/geist-sans": {
      "version": "5.1.0",
      "resolved": "https://registry.npmjs.org/@fontsource/geist-sans/-/geist-sans-5.1.0.tgz",
      "integrity": "sha512-4AI/UxIcZiYgK6/cTo4R9oM4VHHLcFdHVv7m2+M42VyY16hhKJADrGe4HPjTxvolmce2IZX/jc6sFJ+GkLB64w==",
      "license": "OFL-1.1"
    }
  }
}
